# THIS IS AN AUTOGENERATED FILE. DO NOT EDIT THIS FILE DIRECTLY.
# yarn lockfile v1


manhattan@^1.0.0:
  version "1.0.0"
  resolved "https://registry.yarnpkg.com/manhattan/-/manhattan-1.0.0.tgz#f1f2fd947231a195c6611409e6ef62930c809d68"
  integrity sha512-PIHWL7/v3GAgNS+aBq3reCkBZZCC5btsyRjAUsbInkNjKpN5VRQAjTnU/+jr9AEeEi8dLy4e7Jrc3Z6iyVu3Sw==
